{
  "pins" : [
    {
      "identity" : "momentvpn",
      "kind" : "remoteSourceControl",
      "location" : "https://github.com/fairytech-external/MomentVPN",
      "state" : {
        "revision" : "f218ed1097dd66dade0f2c3befe23c0a57f19a65",
        "version" : "0.4.2"
      }
    }
  ],
  "version" : 2
}
