{
  "pins" : [
    {
      "identity" : "momentvpn",
      "kind" : "remoteSourceControl",
      "location" : "https://github.com/fairytech-external/MomentVPN",
      "state" : {
        "revision" : "f9c6b0372a85fe7cc6f3578f7f98427fbcf66b9c",
        "version" : "0.5.0"
      }
    }
  ],
  "version" : 2
}
