{
  "originHash" : "eca65ed64ae5a86e2066d2cdc1661ff238ae0537a7e60154a70fd1f71abcc7fb",
  "pins" : [
    {
      "identity" : "cashback-ios",
      "kind" : "remoteSourceControl",
      "location" : "https://github.com/fairytech-external/Cashback-iOS",
      "state" : {
        "revision" : "8b46b368ac3f458d8c9d8f812a5f365d84f42efc",
        "version" : "0.8.0"
      }
    }
  ],
  "version" : 3
}
