{
  "originHash" : "eca65ed64ae5a86e2066d2cdc1661ff238ae0537a7e60154a70fd1f71abcc7fb",
  "pins" : [
    {
      "identity" : "cashback-ios",
      "kind" : "remoteSourceControl",
      "location" : "https://github.com/fairytech-external/Cashback-iOS",
      "state" : {
        "revision" : "147f476a2840be832b42f18d9a6edc4d8b6e30d9",
        "version" : "0.8.4"
      }
    }
  ],
  "version" : 3
}
