{
  "originHash" : "eca65ed64ae5a86e2066d2cdc1661ff238ae0537a7e60154a70fd1f71abcc7fb",
  "pins" : [
    {
      "identity" : "cashback-ios",
      "kind" : "remoteSourceControl",
      "location" : "https://github.com/fairytech-external/Cashback-iOS",
      "state" : {
        "revision" : "2999499b461f712b85d9f2ec39b2b8dc5a7c497d",
        "version" : "0.8.2"
      }
    }
  ],
  "version" : 3
}
