{
  "originHash" : "eca65ed64ae5a86e2066d2cdc1661ff238ae0537a7e60154a70fd1f71abcc7fb",
  "pins" : [
    {
      "identity" : "cashback-ios",
      "kind" : "remoteSourceControl",
      "location" : "https://github.com/fairytech-external/Cashback-iOS",
      "state" : {
        "revision" : "a7ed1154bcc05d5d4231dd88932b8a5a24ae097e",
        "version" : "0.8.3"
      }
    }
  ],
  "version" : 3
}
