{
  "originHash" : "1d3b041a9efccb9440421dcee841219d6db90f7d24321de3a806dc509a1d15f3",
  "pins" : [
    {
      "identity" : "momentvpn",
      "kind" : "remoteSourceControl",
      "location" : "https://github.com/fairytech-external/MomentVPN",
      "state" : {
        "revision" : "31120ed8099a8a95d27f7a586d340ddcdf819401",
        "version" : "1.0.4"
      }
    }
  ],
  "version" : 3
}
